
Microsoft Visual Studio Solution File, Format Version 12.00
# Visual Studio Version 16
VisualStudioVersion = 16.0.31229.75
MinimumVisualStudioVersion = 10.0.40219.1
Project("{FAE04EC0-301F-11D3-BF4B-00C04F79EFBC}") = "netSTIN", "netSTIN\netSTIN.csproj", "{9703533E-D3AC-4236-8D92-6D9FCC4DF63C}"
EndProject
Global
	GlobalSection(SolutionConfigurationPlatforms) = preSolution
		Debug|Any CPU = Debug|Any CPU
		Release|Any CPU = Release|Any CPU
	EndGlobalSection
	GlobalSection(ProjectConfigurationPlatforms) = postSolution
		{9703533E-D3AC-4236-8D92-6D9FCC4DF63C}.Debug|Any CPU.ActiveCfg = Debug|Any CPU
		{9703533E-D3AC-4236-8D92-6D9FCC4DF63C}.Debug|Any CPU.Build.0 = Debug|Any CPU
		{9703533E-D3AC-4236-8D92-6D9FCC4DF63C}.Release|Any CPU.ActiveCfg = Release|Any CPU
		{9703533E-D3AC-4236-8D92-6D9FCC4DF63C}.Release|Any CPU.Build.0 = Release|Any CPU
	EndGlobalSection
	GlobalSection(SolutionProperties) = preSolution
		HideSolutionNode = FALSE
	EndGlobalSection
	GlobalSection(ExtensibilityGlobals) = postSolution
		SolutionGuid = {652CAFAB-A6A4-4F1B-A9F4-87756E5C0E18}
	EndGlobalSection
EndGlobal
